// !$*UTF8*$!
{
	archiveVersion = 1;
	classes = {
	};
	objectVersion = 46;
	objects = {

/* Begin PBXBuildFile section */
		C03683551E783FD700BAAB40 /* AppDelegate.swift in Sources */ = {isa = PBXBuildFile; fileRef = C03683541E783FD700BAAB40 /* AppDelegate.swift */; };
		C03683571E783FD700BAAB40 /* ViewController.swift in Sources */ = {isa = PBXBuildFile; fileRef = C03683561E783FD700BAAB40 /* ViewController.swift */; };
		C036835A1E783FD700BAAB40 /* Main.storyboard in Resources */ = {isa = PBXBuildFile; fileRef = C03683581E783FD700BAAB40 /* Main.storyboard */; };
		C036835C1E783FD700BAAB40 /* Assets.xcassets in Resources */ = {isa = PBXBuildFile; fileRef = C036835B1E783FD700BAAB40 /* Assets.xcassets */; };
		C036835F1E783FD700BAAB40 /* LaunchScreen.storyboard in Resources */ = {isa = PBXBuildFile; fileRef = C036835D1E783FD700BAAB40 /* LaunchScreen.storyboard */; };
/* End PBXBuildFile section */

/* Begin PBXFileReference section */
		C03683511E783FD700BAAB40 /* AuPurchase.app */ = {isa = PBXFileReference; explicitFileType = wrapper.application; includeInIndex = 0; path = AuPurchase.app; sourceTree = BUILT_PRODUCTS_DIR; };
		C03683541E783FD700BAAB40 /* AppDelegate.swift */ = {isa = PBXFileReference; lastKnownFileType = sourcecode.swift; path = AppDelegate.swift; sourceTree = "<group>"; };
		C03683561E783FD700BAAB40 /* ViewController.swift */ = {isa = PBXFileReference; lastKnownFileType = sourcecode.swift; path = ViewController.swift; sourceTree = "<group>"; };
		C03683591E783FD700BAAB40 /* Base */ = {isa = PBXFileReference; lastKnownFileType = file.storyboard; name = Base; path = Base.lproj/Main.storyboard; sourceTree = "<group>"; };
		C036835B1E783FD700BAAB40 /* Assets.xcassets */ = {isa = PBXFileReference; lastKnownFileType = folder.assetcatalog; path = Assets.xcassets; sourceTree = "<group>"; };
		C036835E1E783FD700BAAB40 /* Base */ = {isa = PBXFileReference; lastKnownFileType = file.storyboard; name = Base; path = Base.lproj/LaunchScreen.storyboard; sourceTree = "<group>"; };
		C03683601E783FD700BAAB40 /* Info.plist */ = {isa = PBXFileReference; lastKnownFileType = text.plist.xml; path = Info.plist; sourceTree = "<group>"; };
/* End PBXFileReference section */

/* Begin PBXFrameworksBuildPhase section */
		C036834E1E783FD700BAAB40 /* Frameworks */ = {
			isa = PBXFrameworksBuildPhase;
			buildActionMask = 2147483647;
			files = (
			);
			runOnlyForDeploymentPostprocessing = 0;
		};
/* End PBXFrameworksBuildPhase section */

/* Begin PBXGroup section */
		C03683481E783FD700BAAB40 = {
			isa = PBXGroup;
			children = (
				C03683531E783FD700BAAB40 /* AuPurchase */,
				C03683521E783FD700BAAB40 /* Products */,
			);
			sourceTree = "<group>";
		};
		C03683521E783FD700BAAB40 /* Products */ = {
			isa = PBXGroup;
			children = (
				C03683511E783FD700BAAB40 /* AuPurchase.app */,
			);
			name = Products;
			sourceTree = "<group>";
		};
		C03683531E783FD700BAAB40 /* AuPurchase */ = {
			isa = PBXGroup;
			children = (
				C03683541E783FD700BAAB40 /* AppDelegate.swift */,
				C03683561E783FD700BAAB40 /* ViewController.swift */,
				C03683581E783FD700BAAB40 /* Main.storyboard */,
				C036835B1E783FD700BAAB40 /* Assets.xcassets */,
				C036835D1E783FD700BAAB40 /* LaunchScreen.storyboard */,
				C03683601E783FD700BAAB40 /* Info.plist */,
			);
			path = AuPurchase;
			sourceTree = "<group>";
		};
/* End PBXGroup section */

/* Begin PBXNativeTarget section */
		C03683501E783FD700BAAB40 /* AuPurchase */ = {
			isa = PBXNativeTarget;
			buildConfigurationList = C03683631E783FD700BAAB40 /* Build configuration list for PBXNativeTarget "AuPurchase" */;
			buildPhases = (
				C036834D1E783FD700BAAB40 /* Sources */,
				C036834E1E783FD700BAAB40 /* Frameworks */,
				C036834F1E783FD700BAAB40 /* Resources */,
			);
			buildRules = (
			);
			dependencies = (
			);
			name = AuPurchase;
			productName = AuPurchase;
			productReference = C03683511E783FD700BAAB40 /* AuPurchase.app */;
			productType = "com.apple.product-type.application";
		};
/* End PBXNativeTarget section */

/* Begin PBXProject section */
		C03683491E783FD700BAAB40 /* Project object */ = {
			isa = PBXProject;
			attributes = {
				LastSwiftUpdateCheck = 0820;
				LastUpgradeCheck = 0820;
				ORGANIZATIONNAME = SnailDance;
				TargetAttributes = {
					C03683501E783FD700BAAB40 = {
						CreatedOnToolsVersion = 8.2.1;
						DevelopmentTeam = VE4FNT3556;
						ProvisioningStyle = Manual;
					};
				};
			};
			buildConfigurationList = C036834C1E783FD700BAAB40 /* Build configuration list for PBXProject "AuPurchase" */;
			compatibilityVersion = "Xcode 3.2";
			developmentRegion = English;
			hasScannedForEncodings = 0;
			knownRegions = (
				en,
				Base,
			);
			mainGroup = C03683481E783FD700BAAB40;
			productRefGroup = C03683521E783FD700BAAB40 /* Products */;
			projectDirPath = "";
			projectRoot = "";
			targets = (
				C03683501E783FD700BAAB40 /* AuPurchase */,
			);
		};
/* End PBXProject section */

/* Begin PBXResourcesBuildPhase section */
		C036834F1E783FD700BAAB40 /* Resources */ = {
			isa = PBXResourcesBuildPhase;
			buildActionMask = 2147483647;
			files = (
				C036835F1E783FD700BAAB40 /* LaunchScreen.storyboard in Resources */,
				C036835C1E783FD700BAAB40 /* Assets.xcassets in Resources */,
				C036835A1E783FD700BAAB40 /* Main.storyboard in Resources */,
			);
			runOnlyForDeploymentPostprocessing = 0;
		};
/* End PBXResourcesBuildPhase section */

/* Begin PBXSourcesBuildPhase section */
		C036834D1E783FD700BAAB40 /* Sources */ = {
			isa = PBXSourcesBuildPhase;
			buildActionMask = 2147483647;
			files = (
				C03683571E783FD700BAAB40 /* ViewController.swift in Sources */,
				C03683551E783FD700BAAB40 /* AppDelegate.swift in Sources */,
			);
			runOnlyForDeploymentPostprocessing = 0;
		};
/* End PBXSourcesBuildPhase section */

/* Begin PBXVariantGroup section */
		C03683581E783FD700BAAB40 /* Main.storyboard */ = {
			isa = PBXVariantGroup;
			children = (
				C03683591E783FD700BAAB40 /* Base */,
			);
			name = Main.storyboard;
			sourceTree = "<group>";
		};
		C036835D1E783FD700BAAB40 /* LaunchScreen.storyboard */ = {
			isa = PBXVariantGroup;
			children = (
				C036835E1E783FD700BAAB40 /* Base */,
			);
			name = LaunchScreen.storyboard;
			sourceTree = "<group>";
		};
/* End PBXVariantGroup section */

/* Begin XCBuildConfiguration section */
		C03683611E783FD700BAAB40 /* Debug */ = {
			isa = XCBuildConfiguration;
			buildSettings = {
				ALWAYS_SEARCH_USER_PATHS = NO;
				CLANG_ANALYZER_NONNULL = YES;
				CLANG_CXX_LANGUAGE_STANDARD = "gnu++0x";
				CLANG_CXX_LIBRARY = "libc++";
				CLANG_ENABLE_MODULES = YES;
				CLANG_ENABLE_OBJC_ARC = YES;
				CLANG_WARN_BOOL_CONVERSION = YES;
				CLANG_WARN_CONSTANT_CONVERSION = YES;
				CLANG_WARN_DIRECT_OBJC_ISA_USAGE = YES_ERROR;
				CLANG_WARN_DOCUMENTATION_COMMENTS = YES;
				CLANG_WARN_EMPTY_BODY = YES;
				CLANG_WARN_ENUM_CONVERSION = YES;
				CLANG_WARN_INFINITE_RECURSION = YES;
				CLANG_WARN_INT_CONVERSION = YES;
				CLANG_WARN_OBJC_ROOT_CLASS = YES_ERROR;
				CLANG_WARN_SUSPICIOUS_MOVE = YES;
				CLANG_WARN_UNREACHABLE_CODE = YES;
				CLANG_WARN__DUPLICATE_METHOD_MATCH = YES;
				"CODE_SIGN_IDENTITY[sdk=iphoneos*]" = "iPhone Developer";
				COPY_PHASE_STRIP = NO;
				DEBUG_INFORMATION_FORMAT = dwarf;
				ENABLE_STRICT_OBJC_MSGSEND = YES;
				ENABLE_TESTABILITY = YES;
				GCC_C_LANGUAGE_STANDARD = gnu99;
				GCC_DYNAMIC_NO_PIC = NO;
				GCC_NO_COMMON_BLOCKS = YES;
				GCC_OPTIMIZATION_LEVEL = 0;
				GCC_PREPROCESSOR_DEFINITIONS = (
					"DEBUG=1",
					"$(inherited)",
				);
				GCC_WARN_64_TO_32_BIT_CONVERSION = YES;
				GCC_WARN_ABOUT_RETURN_TYPE = YES_ERROR;
				GCC_WARN_UNDECLARED_SELECTOR = YES;
				GCC_WARN_UNINITIALIZED_AUTOS = YES_AGGRESSIVE;
				GCC_WARN_UNUSED_FUNCTION = YES;
				GCC_WARN_UNUSED_VARIABLE = YES;
				IPHONEOS_DEPLOYMENT_TARGET = 10.2;
				MTL_ENABLE_DEBUG_INFO = YES;
				ONLY_ACTIVE_ARCH = YES;
				SDKROOT = iphoneos;
				SWIFT_ACTIVE_COMPILATION_CONDITIONS = DEBUG;
				SWIFT_OPTIMIZATION_LEVEL = "-Onone";
				TARGETED_DEVICE_FAMILY = "1,2";
			};
			name = Debug;
		};
		C03683621E783FD700BAAB40 /* Release */ = {
			isa = XCBuildConfiguration;
			buildSettings = {
				ALWAYS_SEARCH_USER_PATHS = NO;
				CLANG_ANALYZER_NONNULL = YES;
				CLANG_CXX_LANGUAGE_STANDARD = "gnu++0x";
				CLANG_CXX_LIBRARY = "libc++";
				CLANG_ENABLE_MODULES = YES;
				CLANG_ENABLE_OBJC_ARC = YES;
				CLANG_WARN_BOOL_CONVERSION = YES;
				CLANG_WARN_CONSTANT_CONVERSION = YES;
				CLANG_WARN_DIRECT_OBJC_ISA_USAGE = YES_ERROR;
				CLANG_WARN_DOCUMENTATION_COMMENTS = YES;
				CLANG_WARN_EMPTY_BODY = YES;
				CLANG_WARN_ENUM_CONVERSION = YES;
				CLANG_WARN_INFINITE_RECURSION = YES;
				CLANG_WARN_INT_CONVERSION = YES;
				CLANG_WARN_OBJC_ROOT_CLASS = YES_ERROR;
				CLANG_WARN_SUSPICIOUS_MOVE = YES;
				CLANG_WARN_UNREACHABLE_CODE = YES;
				CLANG_WARN__DUPLICATE_METHOD_MATCH = YES;
				"CODE_SIGN_IDENTITY[sdk=iphoneos*]" = "iPhone Developer";
				COPY_PHASE_STRIP = NO;
				DEBUG_INFORMATION_FORMAT = "dwarf-with-dsym";
				ENABLE_NS_ASSERTIONS = NO;
				ENABLE_STRICT_OBJC_MSGSEND = YES;
				GCC_C_LANGUAGE_STANDARD = gnu99;
				GCC_NO_COMMON_BLOCKS = YES;
				GCC_WARN_64_TO_32_BIT_CONVERSION = YES;
				GCC_WARN_ABOUT_RETURN_TYPE = YES_ERROR;
				GCC_WARN_UNDECLARED_SELECTOR = YES;
				GCC_WARN_UNINITIALIZED_AUTOS = YES_AGGRESSIVE;
				GCC_WARN_UNUSED_FUNCTION = YES;
				GCC_WARN_UNUSED_VARIABLE = YES;
				IPHONEOS_DEPLOYMENT_TARGET = 10.2;
				MTL_ENABLE_DEBUG_INFO = NO;
				SDKROOT = iphoneos;
				SWIFT_OPTIMIZATION_LEVEL = "-Owholemodule";
				TARGETED_DEVICE_FAMILY = "1,2";
				VALIDATE_PRODUCT = YES;
			};
			name = Release;
		};
		C03683641E783FD700BAAB40 /* Debug */ = {
			isa = XCBuildConfiguration;
			buildSettings = {
				ASSETCATALOG_COMPILER_APPICON_NAME = AppIcon;
				ASSETCATALOG_COMPILER_LAUNCHIMAGE_NAME = LaunchImage;
				DEVELOPMENT_TEAM = VE4FNT3556;
				INFOPLIST_FILE = AuPurchase/Info.plist;
				IPHONEOS_DEPLOYMENT_TARGET = 9.0;
				LD_RUNPATH_SEARCH_PATHS = "$(inherited) @executable_path/Frameworks";
				PRODUCT_BUNDLE_IDENTIFIER = com.SnailDacne.AuPurchase;
				PRODUCT_NAME = "$(TARGET_NAME)";
				PROVISIONING_PROFILE = "8da745b6-3f9e-4684-b96a-3fe2604ec186";
				PROVISIONING_PROFILE_SPECIFIER = AuPurchaseDevelopment;
				SWIFT_VERSION = 3.0;
				TARGETED_DEVICE_FAMILY = 1;
			};
			name = Debug;
		};
		C03683651E783FD700BAAB40 /* Release */ = {
			isa = XCBuildConfiguration;
			buildSettings = {
				ASSETCATALOG_COMPILER_APPICON_NAME = AppIcon;
				ASSETCATALOG_COMPILER_LAUNCHIMAGE_NAME = LaunchImage;
				"CODE_SIGN_IDENTITY[sdk=iphoneos*]" = "iPhone Distribution";
				DEVELOPMENT_TEAM = VE4FNT3556;
				INFOPLIST_FILE = AuPurchase/Info.plist;
				IPHONEOS_DEPLOYMENT_TARGET = 9.0;
				LD_RUNPATH_SEARCH_PATHS = "$(inherited) @executable_path/Frameworks";
				PRODUCT_BUNDLE_IDENTIFIER = com.SnailDacne.AuPurchase;
				PRODUCT_NAME = "$(TARGET_NAME)";
				PROVISIONING_PROFILE = "1e45a78b-1f78-4e5f-be05-f16a85dd65e8";
				PROVISIONING_PROFILE_SPECIFIER = AuPurchaseDistribution;
				SWIFT_VERSION = 3.0;
				TARGETED_DEVICE_FAMILY = 1;
			};
			name = Release;
		};
/* End XCBuildConfiguration section */

/* Begin XCConfigurationList section */
		C036834C1E783FD700BAAB40 /* Build configuration list for PBXProject "AuPurchase" */ = {
			isa = XCConfigurationList;
			buildConfigurations = (
				C03683611E783FD700BAAB40 /* Debug */,
				C03683621E783FD700BAAB40 /* Release */,
			);
			defaultConfigurationIsVisible = 0;
			defaultConfigurationName = Release;
		};
		C03683631E783FD700BAAB40 /* Build configuration list for PBXNativeTarget "AuPurchase" */ = {
			isa = XCConfigurationList;
			buildConfigurations = (
				C03683641E783FD700BAAB40 /* Debug */,
				C03683651E783FD700BAAB40 /* Release */,
			);
			defaultConfigurationIsVisible = 0;
		};
/* End XCConfigurationList section */
	};
	rootObject = C03683491E783FD700BAAB40 /* Project object */;
}
